
Microsoft Visual Studio Solution File, Format Version 12.00
# Visual Studio Version 17
VisualStudioVersion = 17.6.33815.320
MinimumVisualStudioVersion = 10.0.40219.1
Project("{FAE04EC0-301F-11D3-BF4B-00C04F79EFBC}") = "Tinder", "Tinder\Tinder.csproj", "{4785104D-17A4-40B3-93FA-5E107F58592B}"
EndProject
Global
	GlobalSection(SolutionConfigurationPlatforms) = preSolution
		Debug|Any CPU = Debug|Any CPU
		Release|Any CPU = Release|Any CPU
	EndGlobalSection
	GlobalSection(ProjectConfigurationPlatforms) = postSolution
		{4785104D-17A4-40B3-93FA-5E107F58592B}.Debug|Any CPU.ActiveCfg = Debug|Any CPU
		{4785104D-17A4-40B3-93FA-5E107F58592B}.Debug|Any CPU.Build.0 = Debug|Any CPU
		{4785104D-17A4-40B3-93FA-5E107F58592B}.Release|Any CPU.ActiveCfg = Release|Any CPU
		{4785104D-17A4-40B3-93FA-5E107F58592B}.Release|Any CPU.Build.0 = Release|Any CPU
	EndGlobalSection
	GlobalSection(SolutionProperties) = preSolution
		HideSolutionNode = FALSE
	EndGlobalSection
	GlobalSection(ExtensibilityGlobals) = postSolution
		SolutionGuid = {2D45823D-E648-4FF5-A470-24F55ED90D55}
	EndGlobalSection
EndGlobal
